
Microsoft Visual Studio Solution File, Format Version 12.00
# Visual Studio Version 17
VisualStudioVersion = 17.1.31911.260
MinimumVisualStudioVersion = 10.0.40219.1
Project("{FAE04EC0-301F-11D3-BF4B-00C04F79EFBC}") = "OnlineTutorAPI", "OnlineTutorAPI\OnlineTutorAPI.csproj", "{EEF66AB4-DAF4-4D19-9C81-B2089BCE9624}"
EndProject
Global
	GlobalSection(SolutionConfigurationPlatforms) = preSolution
		Debug|Any CPU = Debug|Any CPU
		Release|Any CPU = Release|Any CPU
	EndGlobalSection
	GlobalSection(ProjectConfigurationPlatforms) = postSolution
		{EEF66AB4-DAF4-4D19-9C81-B2089BCE9624}.Debug|Any CPU.ActiveCfg = Debug|Any CPU
		{EEF66AB4-DAF4-4D19-9C81-B2089BCE9624}.Debug|Any CPU.Build.0 = Debug|Any CPU
		{EEF66AB4-DAF4-4D19-9C81-B2089BCE9624}.Release|Any CPU.ActiveCfg = Release|Any CPU
		{EEF66AB4-DAF4-4D19-9C81-B2089BCE9624}.Release|Any CPU.Build.0 = Release|Any CPU
	EndGlobalSection
	GlobalSection(SolutionProperties) = preSolution
		HideSolutionNode = FALSE
	EndGlobalSection
	GlobalSection(ExtensibilityGlobals) = postSolution
		SolutionGuid = {56D7DE47-DE3E-4C16-9A56-14D25BCF4B2D}
	EndGlobalSection
EndGlobal
